
Microsoft Visual Studio Solution File, Format Version 12.00
# Visual Studio Version 17
VisualStudioVersion = 17.3.32929.385
MinimumVisualStudioVersion = 10.0.40219.1
Project("{2150E333-8FDC-42A3-9474-1A3956D46DE8}") = "src", "src", "{89DAD8E4-BE82-477A-A776-84FF0FE4AEC3}"
EndProject
Project("{2150E333-8FDC-42A3-9474-1A3956D46DE8}") = "Solution Items", "Solution Items", "{0A3D7F9B-22DE-46FE-8C46-056624CAC3D6}"
	ProjectSection(SolutionItems) = preProject
		ServiceUrls.txt = ServiceUrls.txt
	EndProjectSection
EndProject
Project("{2150E333-8FDC-42A3-9474-1A3956D46DE8}") = "ApiGateways", "ApiGateways", "{2FE69EC6-1BEB-4C7D-A52C-AB471ED2ABB2}"
EndProject
Project("{2150E333-8FDC-42A3-9474-1A3956D46DE8}") = "BuildingBlocks", "BuildingBlocks", "{986FD2AB-2843-4021-89CC-04A2A0269A2C}"
EndProject
Project("{2150E333-8FDC-42A3-9474-1A3956D46DE8}") = "Clients", "Clients", "{09F5B3B6-AE0B-447E-8FD7-565F5AD858B2}"
EndProject
Project("{2150E333-8FDC-42A3-9474-1A3956D46DE8}") = "Services", "Services", "{DCCE09D1-0330-49C7-970D-9EC8A2D01EA4}"
EndProject
Project("{2150E333-8FDC-42A3-9474-1A3956D46DE8}") = "WebApiGateway", "WebApiGateway", "{3B7E89BC-215C-4B5D-813F-DD3C29922B93}"
EndProject
Project("{9A19103F-16F7-4668-BE54-9A1E7A4F7556}") = "Web.ApiGateway", "src\ApiGateways\WebApiGateway\Web.ApiGateway\Web.ApiGateway.csproj", "{D079539D-CC94-4D23-A09C-3240794C4B35}"
EndProject
Project("{2150E333-8FDC-42A3-9474-1A3956D46DE8}") = "EventBus", "EventBus", "{32842F4B-9E7A-4B00-99F7-790FFA7A98B6}"
EndProject
Project("{9A19103F-16F7-4668-BE54-9A1E7A4F7556}") = "EventBus.Base", "src\BuildingBlocks\EventBus\EventBus.Base\EventBus.Base.csproj", "{CBDFF338-5B82-4A10-953F-151A1EB6FBD6}"
EndProject
Project("{9A19103F-16F7-4668-BE54-9A1E7A4F7556}") = "EventBus.Factory", "src\BuildingBlocks\EventBus\EventBus.Factory\EventBus.Factory.csproj", "{1CAB74F5-212A-448F-9FDF-AD8BA7259252}"
EndProject
Project("{9A19103F-16F7-4668-BE54-9A1E7A4F7556}") = "EventBus.AzureServiceBus", "src\BuildingBlocks\EventBus\EventBus.AzureServiceBus\EventBus.AzureServiceBus.csproj", "{2B0FF8F6-20A3-4F51-8A16-4A4994C4131D}"
EndProject
Project("{9A19103F-16F7-4668-BE54-9A1E7A4F7556}") = "EventBus.RabbitMQ", "src\BuildingBlocks\EventBus\EventBus.RabbitMQ\EventBus.RabbitMQ.csproj", "{D8C7E23E-2ADA-461B-A117-DC92143B53CE}"
EndProject
Project("{2150E333-8FDC-42A3-9474-1A3956D46DE8}") = "BlazorWebApp", "BlazorWebApp", "{FDBD03FC-CF7A-4B24-B716-5E3A78E8B265}"
EndProject
Project("{2150E333-8FDC-42A3-9474-1A3956D46DE8}") = "BasketService", "BasketService", "{F0D16BE8-D69C-4E55-A756-7DD41481B6BC}"
EndProject
Project("{2150E333-8FDC-42A3-9474-1A3956D46DE8}") = "CatalogService", "CatalogService", "{B17BA0EE-ED65-4546-B3B9-2C5F2C8CFF90}"
EndProject
Project("{2150E333-8FDC-42A3-9474-1A3956D46DE8}") = "IdentityService", "IdentityService", "{1F2DF3F0-FD6A-4A5A-8604-0B52DD49AAED}"
EndProject
Project("{FAE04EC0-301F-11D3-BF4B-00C04F79EFBC}") = "WebApp", "src\Clients\BlazorWebApp\WebApp\WebApp.csproj", "{69BD6F25-0712-4B22-86F8-C7DED4F46C05}"
EndProject
Project("{FAE04EC0-301F-11D3-BF4B-00C04F79EFBC}") = "BasketService.Api", "src\Services\BasketService\BasketService.Api\BasketService.Api.csproj", "{71293FA8-7078-404B-A549-853C94B3F65A}"
EndProject
Project("{FAE04EC0-301F-11D3-BF4B-00C04F79EFBC}") = "CatalogService.Api", "src\Services\CatalogService\CatalogService.Api\CatalogService.Api.csproj", "{083561C2-0097-49BD-AE05-36BD7650BBD6}"
EndProject
Project("{FAE04EC0-301F-11D3-BF4B-00C04F79EFBC}") = "IdentityService.Api", "src\Services\IdentityService\IdentityService.Api\IdentityService.Api.csproj", "{FF33AFEA-B15D-47C8-AB6F-8BA9ADB9FFD2}"
EndProject
Project("{2150E333-8FDC-42A3-9474-1A3956D46DE8}") = "NotificationService", "NotificationService", "{56C895A6-B9F2-472D-8E11-EF2955BA9B41}"
EndProject
Project("{FAE04EC0-301F-11D3-BF4B-00C04F79EFBC}") = "NotificationService", "src\Services\NotificationService\NotificationService\NotificationService.csproj", "{AC1FC745-7CAE-4F41-8F92-A85F8189A72A}"
EndProject
Project("{2150E333-8FDC-42A3-9474-1A3956D46DE8}") = "OrderService", "OrderService", "{946F4C16-949E-453A-83CD-4CA2967FE438}"
EndProject
Project("{FAE04EC0-301F-11D3-BF4B-00C04F79EFBC}") = "OrderService.Domain", "src\Services\OrderService\OrderService.Domain\OrderService.Domain.csproj", "{5E854211-EB48-445E-A0DF-7A619004AEDC}"
EndProject
Project("{FAE04EC0-301F-11D3-BF4B-00C04F79EFBC}") = "OrderService.Application", "src\Services\OrderService\OrderService.Application\OrderService.Application.csproj", "{131FCE78-56C3-48F0-BAAE-2D0E2B2F5A00}"
EndProject
Project("{FAE04EC0-301F-11D3-BF4B-00C04F79EFBC}") = "OrderService.Infrastructure", "src\Services\OrderService\OrderService.Infrastructure\OrderService.Infrastructure.csproj", "{6C57E7D9-EDA6-4A38-B231-4C2CA18119AA}"
EndProject
Project("{FAE04EC0-301F-11D3-BF4B-00C04F79EFBC}") = "OrderService.Api", "src\Services\OrderService\OrderService.Api\OrderService.Api.csproj", "{9BDD8E38-D2D7-4BF8-88F4-1CA46360381C}"
EndProject
Project("{2150E333-8FDC-42A3-9474-1A3956D46DE8}") = "PaymentService", "PaymentService", "{2C49CBEA-5EEF-4A63-AF5A-F8D08B7B0DAB}"
EndProject
Project("{FAE04EC0-301F-11D3-BF4B-00C04F79EFBC}") = "PaymentService.Api", "src\Services\PaymentService\PaymentService.Api\PaymentService.Api.csproj", "{F5145145-751D-4231-A028-E59CDC530F2E}"
EndProject
Global
	GlobalSection(SolutionConfigurationPlatforms) = preSolution
		Debug|Any CPU = Debug|Any CPU
		Release|Any CPU = Release|Any CPU
	EndGlobalSection
	GlobalSection(ProjectConfigurationPlatforms) = postSolution
		{D079539D-CC94-4D23-A09C-3240794C4B35}.Debug|Any CPU.ActiveCfg = Debug|Any CPU
		{D079539D-CC94-4D23-A09C-3240794C4B35}.Debug|Any CPU.Build.0 = Debug|Any CPU
		{D079539D-CC94-4D23-A09C-3240794C4B35}.Release|Any CPU.ActiveCfg = Release|Any CPU
		{D079539D-CC94-4D23-A09C-3240794C4B35}.Release|Any CPU.Build.0 = Release|Any CPU
		{CBDFF338-5B82-4A10-953F-151A1EB6FBD6}.Debug|Any CPU.ActiveCfg = Debug|Any CPU
		{CBDFF338-5B82-4A10-953F-151A1EB6FBD6}.Debug|Any CPU.Build.0 = Debug|Any CPU
		{CBDFF338-5B82-4A10-953F-151A1EB6FBD6}.Release|Any CPU.ActiveCfg = Release|Any CPU
		{CBDFF338-5B82-4A10-953F-151A1EB6FBD6}.Release|Any CPU.Build.0 = Release|Any CPU
		{1CAB74F5-212A-448F-9FDF-AD8BA7259252}.Debug|Any CPU.ActiveCfg = Debug|Any CPU
		{1CAB74F5-212A-448F-9FDF-AD8BA7259252}.Debug|Any CPU.Build.0 = Debug|Any CPU
		{1CAB74F5-212A-448F-9FDF-AD8BA7259252}.Release|Any CPU.ActiveCfg = Release|Any CPU
		{1CAB74F5-212A-448F-9FDF-AD8BA7259252}.Release|Any CPU.Build.0 = Release|Any CPU
		{2B0FF8F6-20A3-4F51-8A16-4A4994C4131D}.Debug|Any CPU.ActiveCfg = Debug|Any CPU
		{2B0FF8F6-20A3-4F51-8A16-4A4994C4131D}.Debug|Any CPU.Build.0 = Debug|Any CPU
		{2B0FF8F6-20A3-4F51-8A16-4A4994C4131D}.Release|Any CPU.ActiveCfg = Release|Any CPU
		{2B0FF8F6-20A3-4F51-8A16-4A4994C4131D}.Release|Any CPU.Build.0 = Release|Any CPU
		{D8C7E23E-2ADA-461B-A117-DC92143B53CE}.Debug|Any CPU.ActiveCfg = Debug|Any CPU
		{D8C7E23E-2ADA-461B-A117-DC92143B53CE}.Debug|Any CPU.Build.0 = Debug|Any CPU
		{D8C7E23E-2ADA-461B-A117-DC92143B53CE}.Release|Any CPU.ActiveCfg = Release|Any CPU
		{D8C7E23E-2ADA-461B-A117-DC92143B53CE}.Release|Any CPU.Build.0 = Release|Any CPU
		{69BD6F25-0712-4B22-86F8-C7DED4F46C05}.Debug|Any CPU.ActiveCfg = Debug|Any CPU
		{69BD6F25-0712-4B22-86F8-C7DED4F46C05}.Debug|Any CPU.Build.0 = Debug|Any CPU
		{69BD6F25-0712-4B22-86F8-C7DED4F46C05}.Release|Any CPU.ActiveCfg = Release|Any CPU
		{69BD6F25-0712-4B22-86F8-C7DED4F46C05}.Release|Any CPU.Build.0 = Release|Any CPU
		{71293FA8-7078-404B-A549-853C94B3F65A}.Debug|Any CPU.ActiveCfg = Debug|Any CPU
		{71293FA8-7078-404B-A549-853C94B3F65A}.Debug|Any CPU.Build.0 = Debug|Any CPU
		{71293FA8-7078-404B-A549-853C94B3F65A}.Release|Any CPU.ActiveCfg = Release|Any CPU
		{71293FA8-7078-404B-A549-853C94B3F65A}.Release|Any CPU.Build.0 = Release|Any CPU
		{083561C2-0097-49BD-AE05-36BD7650BBD6}.Debug|Any CPU.ActiveCfg = Debug|Any CPU
		{083561C2-0097-49BD-AE05-36BD7650BBD6}.Debug|Any CPU.Build.0 = Debug|Any CPU
		{083561C2-0097-49BD-AE05-36BD7650BBD6}.Release|Any CPU.ActiveCfg = Release|Any CPU
		{083561C2-0097-49BD-AE05-36BD7650BBD6}.Release|Any CPU.Build.0 = Release|Any CPU
		{FF33AFEA-B15D-47C8-AB6F-8BA9ADB9FFD2}.Debug|Any CPU.ActiveCfg = Debug|Any CPU
		{FF33AFEA-B15D-47C8-AB6F-8BA9ADB9FFD2}.Debug|Any CPU.Build.0 = Debug|Any CPU
		{FF33AFEA-B15D-47C8-AB6F-8BA9ADB9FFD2}.Release|Any CPU.ActiveCfg = Release|Any CPU
		{FF33AFEA-B15D-47C8-AB6F-8BA9ADB9FFD2}.Release|Any CPU.Build.0 = Release|Any CPU
		{AC1FC745-7CAE-4F41-8F92-A85F8189A72A}.Debug|Any CPU.ActiveCfg = Debug|Any CPU
		{AC1FC745-7CAE-4F41-8F92-A85F8189A72A}.Debug|Any CPU.Build.0 = Debug|Any CPU
		{AC1FC745-7CAE-4F41-8F92-A85F8189A72A}.Release|Any CPU.ActiveCfg = Release|Any CPU
		{AC1FC745-7CAE-4F41-8F92-A85F8189A72A}.Release|Any CPU.Build.0 = Release|Any CPU
		{5E854211-EB48-445E-A0DF-7A619004AEDC}.Debug|Any CPU.ActiveCfg = Debug|Any CPU
		{5E854211-EB48-445E-A0DF-7A619004AEDC}.Debug|Any CPU.Build.0 = Debug|Any CPU
		{5E854211-EB48-445E-A0DF-7A619004AEDC}.Release|Any CPU.ActiveCfg = Release|Any CPU
		{5E854211-EB48-445E-A0DF-7A619004AEDC}.Release|Any CPU.Build.0 = Release|Any CPU
		{131FCE78-56C3-48F0-BAAE-2D0E2B2F5A00}.Debug|Any CPU.ActiveCfg = Debug|Any CPU
		{131FCE78-56C3-48F0-BAAE-2D0E2B2F5A00}.Debug|Any CPU.Build.0 = Debug|Any CPU
		{131FCE78-56C3-48F0-BAAE-2D0E2B2F5A00}.Release|Any CPU.ActiveCfg = Release|Any CPU
		{131FCE78-56C3-48F0-BAAE-2D0E2B2F5A00}.Release|Any CPU.Build.0 = Release|Any CPU
		{6C57E7D9-EDA6-4A38-B231-4C2CA18119AA}.Debug|Any CPU.ActiveCfg = Debug|Any CPU
		{6C57E7D9-EDA6-4A38-B231-4C2CA18119AA}.Debug|Any CPU.Build.0 = Debug|Any CPU
		{6C57E7D9-EDA6-4A38-B231-4C2CA18119AA}.Release|Any CPU.ActiveCfg = Release|Any CPU
		{6C57E7D9-EDA6-4A38-B231-4C2CA18119AA}.Release|Any CPU.Build.0 = Release|Any CPU
		{9BDD8E38-D2D7-4BF8-88F4-1CA46360381C}.Debug|Any CPU.ActiveCfg = Debug|Any CPU
		{9BDD8E38-D2D7-4BF8-88F4-1CA46360381C}.Debug|Any CPU.Build.0 = Debug|Any CPU
		{9BDD8E38-D2D7-4BF8-88F4-1CA46360381C}.Release|Any CPU.ActiveCfg = Release|Any CPU
		{9BDD8E38-D2D7-4BF8-88F4-1CA46360381C}.Release|Any CPU.Build.0 = Release|Any CPU
		{F5145145-751D-4231-A028-E59CDC530F2E}.Debug|Any CPU.ActiveCfg = Debug|Any CPU
		{F5145145-751D-4231-A028-E59CDC530F2E}.Debug|Any CPU.Build.0 = Debug|Any CPU
		{F5145145-751D-4231-A028-E59CDC530F2E}.Release|Any CPU.ActiveCfg = Release|Any CPU
		{F5145145-751D-4231-A028-E59CDC530F2E}.Release|Any CPU.Build.0 = Release|Any CPU
	EndGlobalSection
	GlobalSection(SolutionProperties) = preSolution
		HideSolutionNode = FALSE
	EndGlobalSection
	GlobalSection(NestedProjects) = preSolution
		{2FE69EC6-1BEB-4C7D-A52C-AB471ED2ABB2} = {89DAD8E4-BE82-477A-A776-84FF0FE4AEC3}
		{986FD2AB-2843-4021-89CC-04A2A0269A2C} = {89DAD8E4-BE82-477A-A776-84FF0FE4AEC3}
		{09F5B3B6-AE0B-447E-8FD7-565F5AD858B2} = {89DAD8E4-BE82-477A-A776-84FF0FE4AEC3}
		{DCCE09D1-0330-49C7-970D-9EC8A2D01EA4} = {89DAD8E4-BE82-477A-A776-84FF0FE4AEC3}
		{3B7E89BC-215C-4B5D-813F-DD3C29922B93} = {2FE69EC6-1BEB-4C7D-A52C-AB471ED2ABB2}
		{D079539D-CC94-4D23-A09C-3240794C4B35} = {3B7E89BC-215C-4B5D-813F-DD3C29922B93}
		{32842F4B-9E7A-4B00-99F7-790FFA7A98B6} = {986FD2AB-2843-4021-89CC-04A2A0269A2C}
		{CBDFF338-5B82-4A10-953F-151A1EB6FBD6} = {32842F4B-9E7A-4B00-99F7-790FFA7A98B6}
		{1CAB74F5-212A-448F-9FDF-AD8BA7259252} = {32842F4B-9E7A-4B00-99F7-790FFA7A98B6}
		{2B0FF8F6-20A3-4F51-8A16-4A4994C4131D} = {32842F4B-9E7A-4B00-99F7-790FFA7A98B6}
		{D8C7E23E-2ADA-461B-A117-DC92143B53CE} = {32842F4B-9E7A-4B00-99F7-790FFA7A98B6}
		{FDBD03FC-CF7A-4B24-B716-5E3A78E8B265} = {09F5B3B6-AE0B-447E-8FD7-565F5AD858B2}
		{F0D16BE8-D69C-4E55-A756-7DD41481B6BC} = {DCCE09D1-0330-49C7-970D-9EC8A2D01EA4}
		{B17BA0EE-ED65-4546-B3B9-2C5F2C8CFF90} = {DCCE09D1-0330-49C7-970D-9EC8A2D01EA4}
		{1F2DF3F0-FD6A-4A5A-8604-0B52DD49AAED} = {DCCE09D1-0330-49C7-970D-9EC8A2D01EA4}
		{69BD6F25-0712-4B22-86F8-C7DED4F46C05} = {FDBD03FC-CF7A-4B24-B716-5E3A78E8B265}
		{71293FA8-7078-404B-A549-853C94B3F65A} = {F0D16BE8-D69C-4E55-A756-7DD41481B6BC}
		{083561C2-0097-49BD-AE05-36BD7650BBD6} = {B17BA0EE-ED65-4546-B3B9-2C5F2C8CFF90}
		{FF33AFEA-B15D-47C8-AB6F-8BA9ADB9FFD2} = {1F2DF3F0-FD6A-4A5A-8604-0B52DD49AAED}
		{56C895A6-B9F2-472D-8E11-EF2955BA9B41} = {DCCE09D1-0330-49C7-970D-9EC8A2D01EA4}
		{AC1FC745-7CAE-4F41-8F92-A85F8189A72A} = {56C895A6-B9F2-472D-8E11-EF2955BA9B41}
		{946F4C16-949E-453A-83CD-4CA2967FE438} = {DCCE09D1-0330-49C7-970D-9EC8A2D01EA4}
		{5E854211-EB48-445E-A0DF-7A619004AEDC} = {946F4C16-949E-453A-83CD-4CA2967FE438}
		{131FCE78-56C3-48F0-BAAE-2D0E2B2F5A00} = {946F4C16-949E-453A-83CD-4CA2967FE438}
		{6C57E7D9-EDA6-4A38-B231-4C2CA18119AA} = {946F4C16-949E-453A-83CD-4CA2967FE438}
		{9BDD8E38-D2D7-4BF8-88F4-1CA46360381C} = {946F4C16-949E-453A-83CD-4CA2967FE438}
		{2C49CBEA-5EEF-4A63-AF5A-F8D08B7B0DAB} = {DCCE09D1-0330-49C7-970D-9EC8A2D01EA4}
		{F5145145-751D-4231-A028-E59CDC530F2E} = {2C49CBEA-5EEF-4A63-AF5A-F8D08B7B0DAB}
	EndGlobalSection
	GlobalSection(ExtensibilityGlobals) = postSolution
		SolutionGuid = {E5D33B23-2232-4A3D-A516-2D06D4D61BF0}
	EndGlobalSection
EndGlobal
